
Microsoft Visual Studio Solution File, Format Version 12.00
# Visual Studio Version 17
VisualStudioVersion = 17.0.32112.339
MinimumVisualStudioVersion = 10.0.40219.1
Project("{9A19103F-16F7-4668-BE54-9A1E7A4F7556}") = "Bio", "Bio\Bio.csproj", "{386891CB-3CBC-49CD-936E-31573A6200B1}"
EndProject
Project("{9A19103F-16F7-4668-BE54-9A1E7A4F7556}") = "Bio.Test", "Bio.Test\Bio.Test.csproj", "{69A425B2-B638-4C0F-9F19-DB81E13035AB}"
EndProject
Global
	GlobalSection(SolutionConfigurationPlatforms) = preSolution
		Debug|Any CPU = Debug|Any CPU
		Release|Any CPU = Release|Any CPU
	EndGlobalSection
	GlobalSection(ProjectConfigurationPlatforms) = postSolution
		{386891CB-3CBC-49CD-936E-31573A6200B1}.Debug|Any CPU.ActiveCfg = Debug|Any CPU
		{386891CB-3CBC-49CD-936E-31573A6200B1}.Debug|Any CPU.Build.0 = Debug|Any CPU
		{386891CB-3CBC-49CD-936E-31573A6200B1}.Release|Any CPU.ActiveCfg = Release|Any CPU
		{386891CB-3CBC-49CD-936E-31573A6200B1}.Release|Any CPU.Build.0 = Release|Any CPU
		{69A425B2-B638-4C0F-9F19-DB81E13035AB}.Debug|Any CPU.ActiveCfg = Debug|Any CPU
		{69A425B2-B638-4C0F-9F19-DB81E13035AB}.Debug|Any CPU.Build.0 = Debug|Any CPU
		{69A425B2-B638-4C0F-9F19-DB81E13035AB}.Release|Any CPU.ActiveCfg = Release|Any CPU
		{69A425B2-B638-4C0F-9F19-DB81E13035AB}.Release|Any CPU.Build.0 = Release|Any CPU
	EndGlobalSection
	GlobalSection(SolutionProperties) = preSolution
		HideSolutionNode = FALSE
	EndGlobalSection
	GlobalSection(ExtensibilityGlobals) = postSolution
		SolutionGuid = {133B869F-D448-4ADB-A660-88FECEAED5A7}
	EndGlobalSection
EndGlobal
